
Microsoft Visual Studio Solution File, Format Version 12.00
# Visual Studio Version 17
VisualStudioVersion = 17.0.32014.148
MinimumVisualStudioVersion = 10.0.40219.1
Project("{FAE04EC0-301F-11D3-BF4B-00C04F79EFBC}") = "TSYSDemos", "TSYSDemos\TSYSDemos.csproj", "{2E802CF4-7B79-4528-BBA3-8DBD30A6496F}"
EndProject
Project("{FAE04EC0-301F-11D3-BF4B-00C04F79EFBC}") = "InterviewDemo", "InterviewDemo\InterviewDemo.csproj", "{BEE95FED-1042-4645-9A07-FBBD8A7EFF62}"
EndProject
Project("{FAE04EC0-301F-11D3-BF4B-00C04F79EFBC}") = "IcertisDemo", "IcertisDemo\IcertisDemo.csproj", "{B52AECDD-C35A-4118-8FDC-55A16C032F7F}"
EndProject
Project("{FAE04EC0-301F-11D3-BF4B-00C04F79EFBC}") = "InterviewsDemoTestProject", "InterviewsDemoTestProject\InterviewsDemoTestProject.csproj", "{05C5CC7D-E2E2-4FC3-BC48-919036E9ABA6}"
EndProject
Project("{9A19103F-16F7-4668-BE54-9A1E7A4F7556}") = "DataStructureDemos", "SortingDemos\DataStructureDemos.csproj", "{A34C39EA-8D03-4FC5-B144-DCC11D4E5B4F}"
EndProject
Global
	GlobalSection(SolutionConfigurationPlatforms) = preSolution
		Debug|Any CPU = Debug|Any CPU
		Release|Any CPU = Release|Any CPU
	EndGlobalSection
	GlobalSection(ProjectConfigurationPlatforms) = postSolution
		{2E802CF4-7B79-4528-BBA3-8DBD30A6496F}.Debug|Any CPU.ActiveCfg = Debug|Any CPU
		{2E802CF4-7B79-4528-BBA3-8DBD30A6496F}.Debug|Any CPU.Build.0 = Debug|Any CPU
		{2E802CF4-7B79-4528-BBA3-8DBD30A6496F}.Release|Any CPU.ActiveCfg = Release|Any CPU
		{2E802CF4-7B79-4528-BBA3-8DBD30A6496F}.Release|Any CPU.Build.0 = Release|Any CPU
		{BEE95FED-1042-4645-9A07-FBBD8A7EFF62}.Debug|Any CPU.ActiveCfg = Debug|Any CPU
		{BEE95FED-1042-4645-9A07-FBBD8A7EFF62}.Debug|Any CPU.Build.0 = Debug|Any CPU
		{BEE95FED-1042-4645-9A07-FBBD8A7EFF62}.Release|Any CPU.ActiveCfg = Release|Any CPU
		{BEE95FED-1042-4645-9A07-FBBD8A7EFF62}.Release|Any CPU.Build.0 = Release|Any CPU
		{B52AECDD-C35A-4118-8FDC-55A16C032F7F}.Debug|Any CPU.ActiveCfg = Debug|Any CPU
		{B52AECDD-C35A-4118-8FDC-55A16C032F7F}.Debug|Any CPU.Build.0 = Debug|Any CPU
		{B52AECDD-C35A-4118-8FDC-55A16C032F7F}.Release|Any CPU.ActiveCfg = Release|Any CPU
		{B52AECDD-C35A-4118-8FDC-55A16C032F7F}.Release|Any CPU.Build.0 = Release|Any CPU
		{05C5CC7D-E2E2-4FC3-BC48-919036E9ABA6}.Debug|Any CPU.ActiveCfg = Debug|Any CPU
		{05C5CC7D-E2E2-4FC3-BC48-919036E9ABA6}.Debug|Any CPU.Build.0 = Debug|Any CPU
		{05C5CC7D-E2E2-4FC3-BC48-919036E9ABA6}.Release|Any CPU.ActiveCfg = Release|Any CPU
		{05C5CC7D-E2E2-4FC3-BC48-919036E9ABA6}.Release|Any CPU.Build.0 = Release|Any CPU
		{A34C39EA-8D03-4FC5-B144-DCC11D4E5B4F}.Debug|Any CPU.ActiveCfg = Debug|Any CPU
		{A34C39EA-8D03-4FC5-B144-DCC11D4E5B4F}.Debug|Any CPU.Build.0 = Debug|Any CPU
		{A34C39EA-8D03-4FC5-B144-DCC11D4E5B4F}.Release|Any CPU.ActiveCfg = Release|Any CPU
		{A34C39EA-8D03-4FC5-B144-DCC11D4E5B4F}.Release|Any CPU.Build.0 = Release|Any CPU
	EndGlobalSection
	GlobalSection(SolutionProperties) = preSolution
		HideSolutionNode = FALSE
	EndGlobalSection
	GlobalSection(ExtensibilityGlobals) = postSolution
		SolutionGuid = {FA54EE7A-9817-4A82-AE2C-2B41CF157406}
	EndGlobalSection
EndGlobal
